
Microsoft Visual Studio Solution File, Format Version 12.00
# Visual Studio 14
VisualStudioVersion = 14.0.24720.0
MinimumVisualStudioVersion = 10.0.40219.1
Project("{FAE04EC0-301F-11D3-BF4B-00C04F79EFBC}") = "QingFeng.Common", "QingFeng.Common\QingFeng.Common.csproj", "{3032EEDA-09F9-4376-B176-B574E5E30FCA}"
EndProject
Project("{FAE04EC0-301F-11D3-BF4B-00C04F79EFBC}") = "QingFeng.WebArea", "QingFeng.HomeArea\QingFeng.WebArea.csproj", "{783BA449-9BFB-465E-82A2-BA3EF137B6D3}"
EndProject
Project("{FAE04EC0-301F-11D3-BF4B-00C04F79EFBC}") = "QingFeng.Models", "QingFeng.Models\QingFeng.Models.csproj", "{C28EEF05-FE52-40EB-8637-BA8CE0A9A0BD}"
EndProject
Project("{FAE04EC0-301F-11D3-BF4B-00C04F79EFBC}") = "QingFeng.DataAccessLayer", "QingFeng.DataAccessLayer\QingFeng.DataAccessLayer.csproj", "{6F0C89E0-58BB-4470-9D9B-B43ABE7C9BB5}"
EndProject
Project("{FAE04EC0-301F-11D3-BF4B-00C04F79EFBC}") = "QingFeng.Business", "QingFeng.Business\QingFeng.Business.csproj", "{D8906A58-C9DA-4CF6-AC7F-0ADF00B3ED56}"
EndProject
Global
	GlobalSection(SolutionConfigurationPlatforms) = preSolution
		Debug|Any CPU = Debug|Any CPU
		Release|Any CPU = Release|Any CPU
	EndGlobalSection
	GlobalSection(ProjectConfigurationPlatforms) = postSolution
		{3032EEDA-09F9-4376-B176-B574E5E30FCA}.Debug|Any CPU.ActiveCfg = Debug|Any CPU
		{3032EEDA-09F9-4376-B176-B574E5E30FCA}.Debug|Any CPU.Build.0 = Debug|Any CPU
		{3032EEDA-09F9-4376-B176-B574E5E30FCA}.Release|Any CPU.ActiveCfg = Release|Any CPU
		{3032EEDA-09F9-4376-B176-B574E5E30FCA}.Release|Any CPU.Build.0 = Release|Any CPU
		{783BA449-9BFB-465E-82A2-BA3EF137B6D3}.Debug|Any CPU.ActiveCfg = Debug|Any CPU
		{783BA449-9BFB-465E-82A2-BA3EF137B6D3}.Debug|Any CPU.Build.0 = Debug|Any CPU
		{783BA449-9BFB-465E-82A2-BA3EF137B6D3}.Release|Any CPU.ActiveCfg = Release|Any CPU
		{783BA449-9BFB-465E-82A2-BA3EF137B6D3}.Release|Any CPU.Build.0 = Release|Any CPU
		{C28EEF05-FE52-40EB-8637-BA8CE0A9A0BD}.Debug|Any CPU.ActiveCfg = Debug|Any CPU
		{C28EEF05-FE52-40EB-8637-BA8CE0A9A0BD}.Debug|Any CPU.Build.0 = Debug|Any CPU
		{C28EEF05-FE52-40EB-8637-BA8CE0A9A0BD}.Release|Any CPU.ActiveCfg = Release|Any CPU
		{C28EEF05-FE52-40EB-8637-BA8CE0A9A0BD}.Release|Any CPU.Build.0 = Release|Any CPU
		{6F0C89E0-58BB-4470-9D9B-B43ABE7C9BB5}.Debug|Any CPU.ActiveCfg = Debug|Any CPU
		{6F0C89E0-58BB-4470-9D9B-B43ABE7C9BB5}.Debug|Any CPU.Build.0 = Debug|Any CPU
		{6F0C89E0-58BB-4470-9D9B-B43ABE7C9BB5}.Release|Any CPU.ActiveCfg = Release|Any CPU
		{6F0C89E0-58BB-4470-9D9B-B43ABE7C9BB5}.Release|Any CPU.Build.0 = Release|Any CPU
		{D8906A58-C9DA-4CF6-AC7F-0ADF00B3ED56}.Debug|Any CPU.ActiveCfg = Debug|Any CPU
		{D8906A58-C9DA-4CF6-AC7F-0ADF00B3ED56}.Debug|Any CPU.Build.0 = Debug|Any CPU
		{D8906A58-C9DA-4CF6-AC7F-0ADF00B3ED56}.Release|Any CPU.ActiveCfg = Release|Any CPU
		{D8906A58-C9DA-4CF6-AC7F-0ADF00B3ED56}.Release|Any CPU.Build.0 = Release|Any CPU
	EndGlobalSection
	GlobalSection(SolutionProperties) = preSolution
		HideSolutionNode = FALSE
	EndGlobalSection
EndGlobal
